
Microsoft Visual Studio Solution File, Format Version 12.00
# Visual Studio Version 18
VisualStudioVersion = 18.3.11520.95 d18.3
MinimumVisualStudioVersion = 10.0.40219.1
Project("{9A19103F-16F7-4668-BE54-9A1E7A4F7556}") = "AuthManager", "AuthManager\AuthManager.csproj", "{9440CEDD-93A6-412D-A0A9-A42EB138C6BD}"
EndProject
Project("{FAE04EC0-301F-11D3-BF4B-00C04F79EFBC}") = "GenerateKey", "GenerateKey\GenerateKey.csproj", "{ED2E7A6B-5DE4-4560-A027-9D84F511F2E2}"
EndProject
Project("{E53339B2-1760-4266-BCC7-CA923CBCF16C}") = "docker-compose", "docker-compose.dcproj", "{81DDED9D-158B-E303-5F62-77A2896D2A5A}"
EndProject
Global
	GlobalSection(SolutionConfigurationPlatforms) = preSolution
		Debug|Any CPU = Debug|Any CPU
		Release|Any CPU = Release|Any CPU
	EndGlobalSection
	GlobalSection(ProjectConfigurationPlatforms) = postSolution
		{9440CEDD-93A6-412D-A0A9-A42EB138C6BD}.Debug|Any CPU.ActiveCfg = Debug|Any CPU
		{9440CEDD-93A6-412D-A0A9-A42EB138C6BD}.Debug|Any CPU.Build.0 = Debug|Any CPU
		{9440CEDD-93A6-412D-A0A9-A42EB138C6BD}.Release|Any CPU.ActiveCfg = Release|Any CPU
		{9440CEDD-93A6-412D-A0A9-A42EB138C6BD}.Release|Any CPU.Build.0 = Release|Any CPU
		{ED2E7A6B-5DE4-4560-A027-9D84F511F2E2}.Debug|Any CPU.ActiveCfg = Debug|Any CPU
		{ED2E7A6B-5DE4-4560-A027-9D84F511F2E2}.Debug|Any CPU.Build.0 = Debug|Any CPU
		{ED2E7A6B-5DE4-4560-A027-9D84F511F2E2}.Release|Any CPU.ActiveCfg = Release|Any CPU
		{ED2E7A6B-5DE4-4560-A027-9D84F511F2E2}.Release|Any CPU.Build.0 = Release|Any CPU
		{81DDED9D-158B-E303-5F62-77A2896D2A5A}.Debug|Any CPU.ActiveCfg = Debug|Any CPU
		{81DDED9D-158B-E303-5F62-77A2896D2A5A}.Debug|Any CPU.Build.0 = Debug|Any CPU
		{81DDED9D-158B-E303-5F62-77A2896D2A5A}.Release|Any CPU.ActiveCfg = Release|Any CPU
		{81DDED9D-158B-E303-5F62-77A2896D2A5A}.Release|Any CPU.Build.0 = Release|Any CPU
	EndGlobalSection
	GlobalSection(SolutionProperties) = preSolution
		HideSolutionNode = FALSE
	EndGlobalSection
	GlobalSection(ExtensibilityGlobals) = postSolution
		SolutionGuid = {9A321E51-5DFB-4373-96E5-BA27C123C5E7}
	EndGlobalSection
EndGlobal
